
Microsoft Visual Studio Solution File, Format Version 12.00
# Visual Studio Version 16
VisualStudioVersion = 25.0.1705.4
MinimumVisualStudioVersion = 10.0.40219.1
Project("{FAE04EC0-301F-11D3-BF4B-00C04F79EFBC}") = "Apps.Salesforce", "Apps.Salesforce.csproj", "{26BD3CA5-3111-440B-A47D-5CECE71E101B}"
EndProject
Global
	GlobalSection(SolutionConfigurationPlatforms) = preSolution
		Debug|Any CPU = Debug|Any CPU
		Release|Any CPU = Release|Any CPU
	EndGlobalSection
	GlobalSection(ProjectConfigurationPlatforms) = postSolution
		{26BD3CA5-3111-440B-A47D-5CECE71E101B}.Debug|Any CPU.ActiveCfg = Debug|Any CPU
		{26BD3CA5-3111-440B-A47D-5CECE71E101B}.Debug|Any CPU.Build.0 = Debug|Any CPU
		{26BD3CA5-3111-440B-A47D-5CECE71E101B}.Release|Any CPU.ActiveCfg = Release|Any CPU
		{26BD3CA5-3111-440B-A47D-5CECE71E101B}.Release|Any CPU.Build.0 = Release|Any CPU
	EndGlobalSection
	GlobalSection(SolutionProperties) = preSolution
		HideSolutionNode = FALSE
	EndGlobalSection
	GlobalSection(ExtensibilityGlobals) = postSolution
		SolutionGuid = {4EF3FFB6-7219-4805-8320-01B6CBFBD4E7}
	EndGlobalSection
EndGlobal
